
Microsoft Visual Studio Solution File, Format Version 12.00
# Visual Studio Version 17
VisualStudioVersion = 17.11.35327.3
MinimumVisualStudioVersion = 10.0.40219.1
Project("{8BC9CEB8-8B4A-11D0-8D11-00A0C91BC942}") = "ap_lab_7.3_iter", "ap_lab_7.3_iter.vcxproj", "{F2AC073F-2E4D-4374-AD71-B7D70BD7A6AB}"
EndProject
Project("{8BC9CEB8-8B4A-11D0-8D11-00A0C91BC942}") = "UnitTest_7.3_iter", "..\UnitTest_7.3_iter\UnitTest_7.3_iter.vcxproj", "{26AB2D2B-191A-4D1F-A0C1-60BB67429DD7}"
EndProject
Global
	GlobalSection(SolutionConfigurationPlatforms) = preSolution
		Debug|x64 = Debug|x64
		Debug|x86 = Debug|x86
		Release|x64 = Release|x64
		Release|x86 = Release|x86
	EndGlobalSection
	GlobalSection(ProjectConfigurationPlatforms) = postSolution
		{F2AC073F-2E4D-4374-AD71-B7D70BD7A6AB}.Debug|x64.ActiveCfg = Debug|x64
		{F2AC073F-2E4D-4374-AD71-B7D70BD7A6AB}.Debug|x64.Build.0 = Debug|x64
		{F2AC073F-2E4D-4374-AD71-B7D70BD7A6AB}.Debug|x86.ActiveCfg = Debug|Win32
		{F2AC073F-2E4D-4374-AD71-B7D70BD7A6AB}.Debug|x86.Build.0 = Debug|Win32
		{F2AC073F-2E4D-4374-AD71-B7D70BD7A6AB}.Release|x64.ActiveCfg = Release|x64
		{F2AC073F-2E4D-4374-AD71-B7D70BD7A6AB}.Release|x64.Build.0 = Release|x64
		{F2AC073F-2E4D-4374-AD71-B7D70BD7A6AB}.Release|x86.ActiveCfg = Release|Win32
		{F2AC073F-2E4D-4374-AD71-B7D70BD7A6AB}.Release|x86.Build.0 = Release|Win32
		{26AB2D2B-191A-4D1F-A0C1-60BB67429DD7}.Debug|x64.ActiveCfg = Debug|x64
		{26AB2D2B-191A-4D1F-A0C1-60BB67429DD7}.Debug|x64.Build.0 = Debug|x64
		{26AB2D2B-191A-4D1F-A0C1-60BB67429DD7}.Debug|x86.ActiveCfg = Debug|Win32
		{26AB2D2B-191A-4D1F-A0C1-60BB67429DD7}.Debug|x86.Build.0 = Debug|Win32
		{26AB2D2B-191A-4D1F-A0C1-60BB67429DD7}.Release|x64.ActiveCfg = Release|x64
		{26AB2D2B-191A-4D1F-A0C1-60BB67429DD7}.Release|x64.Build.0 = Release|x64
		{26AB2D2B-191A-4D1F-A0C1-60BB67429DD7}.Release|x86.ActiveCfg = Release|Win32
		{26AB2D2B-191A-4D1F-A0C1-60BB67429DD7}.Release|x86.Build.0 = Release|Win32
	EndGlobalSection
	GlobalSection(SolutionProperties) = preSolution
		HideSolutionNode = FALSE
	EndGlobalSection
	GlobalSection(ExtensibilityGlobals) = postSolution
		SolutionGuid = {5482227C-5A3C-46E3-A5A4-010D5AEC0F5C}
	EndGlobalSection
EndGlobal
